
Microsoft Visual Studio Solution File, Format Version 12.00
# Visual Studio 2015
Project("{FAE04EC0-301F-11D3-BF4B-00C04F79EFBC}") = "MapCreate", "MapCreate.csproj", "{51159447-86DE-7697-4659-AB7A27755091}"
EndProject
Project("{FAE04EC0-301F-11D3-BF4B-00C04F79EFBC}") = "MapCreate.Editor", "MapCreate.Editor.csproj", "{34919146-1BC6-37EC-7FF4-2A278B792B64}"
EndProject
Global
	GlobalSection(SolutionConfigurationPlatforms) = preSolution
		Debug|Any CPU = Debug|Any CPU
		Release|Any CPU = Release|Any CPU
	EndGlobalSection
	GlobalSection(ProjectConfigurationPlatforms) = postSolution
		{51159447-86DE-7697-4659-AB7A27755091}.Debug|Any CPU.ActiveCfg = Debug|Any CPU
		{51159447-86DE-7697-4659-AB7A27755091}.Debug|Any CPU.Build.0 = Debug|Any CPU
		{51159447-86DE-7697-4659-AB7A27755091}.Release|Any CPU.ActiveCfg = Release|Any CPU
		{51159447-86DE-7697-4659-AB7A27755091}.Release|Any CPU.Build.0 = Release|Any CPU
		{34919146-1BC6-37EC-7FF4-2A278B792B64}.Debug|Any CPU.ActiveCfg = Debug|Any CPU
		{34919146-1BC6-37EC-7FF4-2A278B792B64}.Debug|Any CPU.Build.0 = Debug|Any CPU
		{34919146-1BC6-37EC-7FF4-2A278B792B64}.Release|Any CPU.ActiveCfg = Release|Any CPU
		{34919146-1BC6-37EC-7FF4-2A278B792B64}.Release|Any CPU.Build.0 = Release|Any CPU
	EndGlobalSection
	GlobalSection(SolutionProperties) = preSolution
		HideSolutionNode = FALSE
	EndGlobalSection
EndGlobal
